
Microsoft Visual Studio Solution File, Format Version 12.00
# Visual Studio Version 17
VisualStudioVersion = 17.3.32804.467
MinimumVisualStudioVersion = 10.0.40219.1
Project("{FAE04EC0-301F-11D3-BF4B-00C04F79EFBC}") = "WebMarket.Web", "WebMarket.Web\WebMarket.Web.csproj", "{76ED6259-DB40-4D68-A014-CDFE72A39D76}"
EndProject
Global
	GlobalSection(SolutionConfigurationPlatforms) = preSolution
		Debug|Any CPU = Debug|Any CPU
		Release|Any CPU = Release|Any CPU
	EndGlobalSection
	GlobalSection(ProjectConfigurationPlatforms) = postSolution
		{76ED6259-DB40-4D68-A014-CDFE72A39D76}.Debug|Any CPU.ActiveCfg = Debug|Any CPU
		{76ED6259-DB40-4D68-A014-CDFE72A39D76}.Debug|Any CPU.Build.0 = Debug|Any CPU
		{76ED6259-DB40-4D68-A014-CDFE72A39D76}.Release|Any CPU.ActiveCfg = Release|Any CPU
		{76ED6259-DB40-4D68-A014-CDFE72A39D76}.Release|Any CPU.Build.0 = Release|Any CPU
	EndGlobalSection
	GlobalSection(SolutionProperties) = preSolution
		HideSolutionNode = FALSE
	EndGlobalSection
	GlobalSection(ExtensibilityGlobals) = postSolution
		SolutionGuid = {C9C28ECA-31FF-40F0-B972-5E5BDA6E6437}
	EndGlobalSection
EndGlobal
